
Microsoft Visual Studio Solution File, Format Version 12.00
# Visual Studio Version 17
VisualStudioVersion = 17.13.35913.81 d17.13
MinimumVisualStudioVersion = 10.0.40219.1
Project("{FAE04EC0-301F-11D3-BF4B-00C04F79EFBC}") = "TaskListSystemMVC", "TaskListSystemMVC\TaskListSystemMVC.csproj", "{4F8C54A0-AE15-4371-9B59-6F7F763CBEBF}"
EndProject
Global
	GlobalSection(SolutionConfigurationPlatforms) = preSolution
		Debug|Any CPU = Debug|Any CPU
		Release|Any CPU = Release|Any CPU
	EndGlobalSection
	GlobalSection(ProjectConfigurationPlatforms) = postSolution
		{4F8C54A0-AE15-4371-9B59-6F7F763CBEBF}.Debug|Any CPU.ActiveCfg = Debug|Any CPU
		{4F8C54A0-AE15-4371-9B59-6F7F763CBEBF}.Debug|Any CPU.Build.0 = Debug|Any CPU
		{4F8C54A0-AE15-4371-9B59-6F7F763CBEBF}.Release|Any CPU.ActiveCfg = Release|Any CPU
		{4F8C54A0-AE15-4371-9B59-6F7F763CBEBF}.Release|Any CPU.Build.0 = Release|Any CPU
	EndGlobalSection
	GlobalSection(SolutionProperties) = preSolution
		HideSolutionNode = FALSE
	EndGlobalSection
	GlobalSection(ExtensibilityGlobals) = postSolution
		SolutionGuid = {766F59B4-C195-4AF9-8AE5-067426E30671}
	EndGlobalSection
EndGlobal
